
Microsoft Visual Studio Solution File, Format Version 12.00
# Visual Studio Version 17
VisualStudioVersion = 17.3.32922.545
MinimumVisualStudioVersion = 10.0.40219.1
Project("{FAE04EC0-301F-11D3-BF4B-00C04F79EFBC}") = "WinLaunch", "WinLaunch\WinLaunch.csproj", "{ECCAD27E-5232-40C9-B801-36FCB9738C67}"
EndProject
Global
	GlobalSection(SolutionConfigurationPlatforms) = preSolution
		Debug|x64 = Debug|x64
		Release|x64 = Release|x64
	EndGlobalSection
	GlobalSection(ProjectConfigurationPlatforms) = postSolution
		{ECCAD27E-5232-40C9-B801-36FCB9738C67}.Debug|x64.ActiveCfg = Debug|x64
		{ECCAD27E-5232-40C9-B801-36FCB9738C67}.Debug|x64.Build.0 = Debug|x64
		{ECCAD27E-5232-40C9-B801-36FCB9738C67}.Release|x64.ActiveCfg = Release|x64
		{ECCAD27E-5232-40C9-B801-36FCB9738C67}.Release|x64.Build.0 = Release|x64
	EndGlobalSection
	GlobalSection(SolutionProperties) = preSolution
		HideSolutionNode = FALSE
	EndGlobalSection
	GlobalSection(ExtensibilityGlobals) = postSolution
		SolutionGuid = {1F34F839-E593-4871-9DB4-EAD3222AAEB2}
		RESX_SortFileContentOnSave = True
		RESX_ExcelExportMode = Text
		RESX_PrefixTranslations = False
	EndGlobalSection
EndGlobal
